
Microsoft Visual Studio Solution File, Format Version 12.00
# Visual Studio Version 17
VisualStudioVersion = 17.4.33122.133
MinimumVisualStudioVersion = 10.0.40219.1
Project("{FAE04EC0-301F-11D3-BF4B-00C04F79EFBC}") = "Perfect numbers", "Perfect numbers\Perfect numbers.csproj", "{A7111884-99C4-4D33-A659-1FAD1676917E}"
EndProject
Global
	GlobalSection(SolutionConfigurationPlatforms) = preSolution
		Debug|Any CPU = Debug|Any CPU
		Release|Any CPU = Release|Any CPU
	EndGlobalSection
	GlobalSection(ProjectConfigurationPlatforms) = postSolution
		{A7111884-99C4-4D33-A659-1FAD1676917E}.Debug|Any CPU.ActiveCfg = Debug|Any CPU
		{A7111884-99C4-4D33-A659-1FAD1676917E}.Debug|Any CPU.Build.0 = Debug|Any CPU
		{A7111884-99C4-4D33-A659-1FAD1676917E}.Release|Any CPU.ActiveCfg = Release|Any CPU
		{A7111884-99C4-4D33-A659-1FAD1676917E}.Release|Any CPU.Build.0 = Release|Any CPU
	EndGlobalSection
	GlobalSection(SolutionProperties) = preSolution
		HideSolutionNode = FALSE
	EndGlobalSection
	GlobalSection(ExtensibilityGlobals) = postSolution
		SolutionGuid = {45A5915C-518D-48C2-B256-D0CE7D868BEC}
	EndGlobalSection
EndGlobal
